
Microsoft Visual Studio Solution File, Format Version 12.00
# Visual Studio 14
VisualStudioVersion = 14.0.25420.1
MinimumVisualStudioVersion = 10.0.40219.1
Project("{FAE04EC0-301F-11D3-BF4B-00C04F79EFBC}") = "SqlUserTypeGenerator", "SqlUserTypeGenerator\SqlUserTypeGenerator.csproj", "{11E808BF-CCE0-4B3B-9A9C-6C6A11041AF6}"
EndProject
Project("{FAE04EC0-301F-11D3-BF4B-00C04F79EFBC}") = "DbClasses", "DbClasses\DbClasses.csproj", "{93D2F48A-432B-47A5-9B53-64508DE2A1B9}"
EndProject
Project("{FAE04EC0-301F-11D3-BF4B-00C04F79EFBC}") = "DbClassesWithCustomSqlFolder", "DbClassesWithCustomSqlFolder\DbClassesWithCustomSqlFolder.csproj", "{8B7843D0-8FDE-4E87-931A-A493326F3395}"
EndProject
Project("{2150E333-8FDC-42A3-9474-1A3956D46DE8}") = "SolutionItems", "SolutionItems", "{800E93C2-38A3-4902-9ADF-28E4F6590C30}"
EndProject
Project("{2150E333-8FDC-42A3-9474-1A3956D46DE8}") = "BuildProps", "BuildProps", "{0B9F8F5F-B918-48C7-9044-526985F52201}"
	ProjectSection(SolutionItems) = preProject
		tools\SqlUserTypeGenerator_GlobalProps.props = tools\SqlUserTypeGenerator_GlobalProps.props
	EndProjectSection
EndProject
Project("{2150E333-8FDC-42A3-9474-1A3956D46DE8}") = "DbMigrations", "DbMigrations", "{8242BDB1-A5FA-483B-ACBD-73A1E026BC47}"
	ProjectSection(SolutionItems) = preProject
		DbMigrations\DbClassesWithCustomSqlFolder\user.sql = DbMigrations\DbClassesWithCustomSqlFolder\user.sql
	EndProjectSection
EndProject
Project("{FAE04EC0-301F-11D3-BF4B-00C04F79EFBC}") = "SqlUserTypeGenerator.Tests", "SqlUserTypeGenerator.Tests\SqlUserTypeGenerator.Tests.csproj", "{FEB26F4C-FB03-4119-A751-2807D987371D}"
EndProject
Global
	GlobalSection(SolutionConfigurationPlatforms) = preSolution
		Debug|Any CPU = Debug|Any CPU
		Release|Any CPU = Release|Any CPU
	EndGlobalSection
	GlobalSection(ProjectConfigurationPlatforms) = postSolution
		{11E808BF-CCE0-4B3B-9A9C-6C6A11041AF6}.Debug|Any CPU.ActiveCfg = Debug|Any CPU
		{11E808BF-CCE0-4B3B-9A9C-6C6A11041AF6}.Debug|Any CPU.Build.0 = Debug|Any CPU
		{11E808BF-CCE0-4B3B-9A9C-6C6A11041AF6}.Release|Any CPU.ActiveCfg = Release|Any CPU
		{11E808BF-CCE0-4B3B-9A9C-6C6A11041AF6}.Release|Any CPU.Build.0 = Release|Any CPU
		{93D2F48A-432B-47A5-9B53-64508DE2A1B9}.Debug|Any CPU.ActiveCfg = Debug|Any CPU
		{93D2F48A-432B-47A5-9B53-64508DE2A1B9}.Debug|Any CPU.Build.0 = Debug|Any CPU
		{93D2F48A-432B-47A5-9B53-64508DE2A1B9}.Release|Any CPU.ActiveCfg = Release|Any CPU
		{93D2F48A-432B-47A5-9B53-64508DE2A1B9}.Release|Any CPU.Build.0 = Release|Any CPU
		{8B7843D0-8FDE-4E87-931A-A493326F3395}.Debug|Any CPU.ActiveCfg = Debug|Any CPU
		{8B7843D0-8FDE-4E87-931A-A493326F3395}.Debug|Any CPU.Build.0 = Debug|Any CPU
		{8B7843D0-8FDE-4E87-931A-A493326F3395}.Release|Any CPU.ActiveCfg = Release|Any CPU
		{8B7843D0-8FDE-4E87-931A-A493326F3395}.Release|Any CPU.Build.0 = Release|Any CPU
		{FEB26F4C-FB03-4119-A751-2807D987371D}.Debug|Any CPU.ActiveCfg = Debug|Any CPU
		{FEB26F4C-FB03-4119-A751-2807D987371D}.Debug|Any CPU.Build.0 = Debug|Any CPU
		{FEB26F4C-FB03-4119-A751-2807D987371D}.Release|Any CPU.ActiveCfg = Release|Any CPU
		{FEB26F4C-FB03-4119-A751-2807D987371D}.Release|Any CPU.Build.0 = Release|Any CPU
	EndGlobalSection
	GlobalSection(SolutionProperties) = preSolution
		HideSolutionNode = FALSE
	EndGlobalSection
	GlobalSection(NestedProjects) = preSolution
		{0B9F8F5F-B918-48C7-9044-526985F52201} = {800E93C2-38A3-4902-9ADF-28E4F6590C30}
		{8242BDB1-A5FA-483B-ACBD-73A1E026BC47} = {800E93C2-38A3-4902-9ADF-28E4F6590C30}
	EndGlobalSection
EndGlobal
